
Microsoft Visual Studio Solution File, Format Version 12.00
# Visual Studio Version 17
VisualStudioVersion = 17.5.002.0
MinimumVisualStudioVersion = 10.0.40219.1
Project("{9A19103F-16F7-4668-BE54-9A1E7A4F7556}") = "Api", "Api.csproj", "{6B077D3F-CCEA-4651-AD48-0CD91D38EA00}"
EndProject
Global
	GlobalSection(SolutionConfigurationPlatforms) = preSolution
		Debug|Any CPU = Debug|Any CPU
		Release|Any CPU = Release|Any CPU
	EndGlobalSection
	GlobalSection(ProjectConfigurationPlatforms) = postSolution
		{6B077D3F-CCEA-4651-AD48-0CD91D38EA00}.Debug|Any CPU.ActiveCfg = Debug|Any CPU
		{6B077D3F-CCEA-4651-AD48-0CD91D38EA00}.Debug|Any CPU.Build.0 = Debug|Any CPU
		{6B077D3F-CCEA-4651-AD48-0CD91D38EA00}.Release|Any CPU.ActiveCfg = Release|Any CPU
		{6B077D3F-CCEA-4651-AD48-0CD91D38EA00}.Release|Any CPU.Build.0 = Release|Any CPU
	EndGlobalSection
	GlobalSection(SolutionProperties) = preSolution
		HideSolutionNode = FALSE
	EndGlobalSection
	GlobalSection(ExtensibilityGlobals) = postSolution
		SolutionGuid = {EA534FD3-F4EB-4CED-950D-B730E8F64451}
	EndGlobalSection
EndGlobal
